// !$*UTF8*$!
{
	archiveVersion = 1;
	classes = {
	};
	objectVersion = 77;
	objects = {

/* Begin PBXBuildFile section */
		021D8C6BC3C40E2DA406BE50 /* MetricKitService.swift in Sources */ = {isa = PBXBuildFile; fileRef = 220E8145372B626FB6D267C7 /* MetricKitService.swift */; };
		068F90845303418F7954D22E /* GoogleTasksAPIBehaviorTests.swift in Sources */ = {isa = PBXBuildFile; fileRef = 8FE1F31A1E2F87FD9042F1B4 /* GoogleTasksAPIBehaviorTests.swift */; };
		0A9AE96BCBF5513327268CAD /* GoogleAuthService.swift in Sources */ = {isa = PBXBuildFile; fileRef = 63E868E0B0520F6ABD40D350 /* GoogleAuthService.swift */; };
		0FD718B29CF8183561A6F550 /* TaskItemModelTests.swift in Sources */ = {isa = PBXBuildFile; fileRef = 6E4CD6808B2587AD2F8F9563 /* TaskItemModelTests.swift */; };
		11E28771324DA02B74C9983F /* DateFormattingTests.swift in Sources */ = {isa = PBXBuildFile; fileRef = 500B536CAEBC7F3B0AF40519 /* DateFormattingTests.swift */; };
		16F0CFB570B7684CE136B82E /* MenuBarIcon.svg in Resources */ = {isa = PBXBuildFile; fileRef = D898FA58565B1CBB9ED2695E /* MenuBarIcon.svg */; };
		27A7DDF8EE882EE13FB18EF6 /* MetricKitPayloadStoreTests.swift in Sources */ = {isa = PBXBuildFile; fileRef = 77DBAAB7CC102C6006686981 /* MetricKitPayloadStoreTests.swift */; };
		3059000A80728B12B6989398 /* KeychainServiceTests.swift in Sources */ = {isa = PBXBuildFile; fileRef = 058C00FB539FD9B1D05BCBFD /* KeychainServiceTests.swift */; };
		423DB4F7DE968CBD6A6E805D /* AppState.swift in Sources */ = {isa = PBXBuildFile; fileRef = F4BD10764723731B64E9E183 /* AppState.swift */; };
		44A6F4A2E806FF1D44F0E19B /* TestDueDateNotificationService.swift in Sources */ = {isa = PBXBuildFile; fileRef = ADED99C71B9C470D7D37974C /* TestDueDateNotificationService.swift */; };
		44D8CA5D6D124CF97A57EF1D /* TaskMenuAppTests.swift in Sources */ = {isa = PBXBuildFile; fileRef = 9C0DB3189CC6045A5C0A230F /* TaskMenuAppTests.swift */; };
		48943AA6EDE34BA7B373106E /* QuickAddView.swift in Sources */ = {isa = PBXBuildFile; fileRef = B01BFC3843C941C89C85576B /* QuickAddView.swift */; };
		4C4A40DBCD2948E2FC0F1F3A /* DateFormatting.swift in Sources */ = {isa = PBXBuildFile; fileRef = 0C7BCF6CD54266E26B32F6DD /* DateFormatting.swift */; };
		5D77ED33F50BA2FB8E0F4B8F /* MenuBarPopover.swift in Sources */ = {isa = PBXBuildFile; fileRef = 42EAB07F42BE73AAED7BCC56 /* MenuBarPopover.swift */; };
		69765D5311C642C2DFADB0A0 /* GoogleTasksAPITests.swift in Sources */ = {isa = PBXBuildFile; fileRef = C79B44669D075555352A0BB4 /* GoogleTasksAPITests.swift */; };
		769F9F3B097D5D7C678CEE7F /* StatusBarController.swift in Sources */ = {isa = PBXBuildFile; fileRef = BB4F099FA85A0476A96ED002 /* StatusBarController.swift */; };
		76E308FD16F5E910DE7D81E6 /* GoogleTasksAPI.swift in Sources */ = {isa = PBXBuildFile; fileRef = 4DC959FBC4EF3DD0EF5D14D6 /* GoogleTasksAPI.swift */; };
		78E76881CED717FBB2187185 /* Assets.xcassets in Resources */ = {isa = PBXBuildFile; fileRef = C3377E75BA19027E464EAEB8 /* Assets.xcassets */; };
		7A424E7FDBAFD974B955448D /* TaskItem.swift in Sources */ = {isa = PBXBuildFile; fileRef = 1CD51E43AB6E5559C98303A3 /* TaskItem.swift */; };
		8F3D1A4FC0600A0D85BA22E8 /* SearchFilterTests.swift in Sources */ = {isa = PBXBuildFile; fileRef = 4AC00155161191D4DBBDA015 /* SearchFilterTests.swift */; };
		939FC3A4B4EB2424F77B577C /* TasksAPIProtocol.swift in Sources */ = {isa = PBXBuildFile; fileRef = C351DB97FAAF55B3B516EAD9 /* TasksAPIProtocol.swift */; };
		986954B711E286DA6CDC3353 /* GoogleAuthServiceTests.swift in Sources */ = {isa = PBXBuildFile; fileRef = C5360741190B5DF2436BE448 /* GoogleAuthServiceTests.swift */; };
		9ADC495EEB87994A08F73AB8 /* Constants.swift in Sources */ = {isa = PBXBuildFile; fileRef = 12212B7B62ECCDD28979CA54 /* Constants.swift */; };
		9BE1233CADF8C3BFFC734F1D /* ListPickerView.swift in Sources */ = {isa = PBXBuildFile; fileRef = D7A7998A82BE9D4729E85B13 /* ListPickerView.swift */; };
		A4BCA782CFF3DA69020CF385 /* MenuBarWindowChromeTests.swift in Sources */ = {isa = PBXBuildFile; fileRef = 68060F2FA94B23E37273F003 /* MenuBarWindowChromeTests.swift */; };
		B0420689B1657699950213A7 /* InMemoryKeychainService.swift in Sources */ = {isa = PBXBuildFile; fileRef = BFE9F6BF8DFE197A82CE6A11 /* InMemoryKeychainService.swift */; };
		B1E9E90C4184BDD3DED97A2B /* TaskListViewTests.swift in Sources */ = {isa = PBXBuildFile; fileRef = A2191A69341B04C760925B55 /* TaskListViewTests.swift */; };
		B4227F8E90C484F324C235C1 /* GitHubUpdateCheckerTests.swift in Sources */ = {isa = PBXBuildFile; fileRef = 1C007468F67DCAC110FDF650 /* GitHubUpdateCheckerTests.swift */; };
		B8593A4B6220752FE803BAF3 /* DueDateNotificationService.swift in Sources */ = {isa = PBXBuildFile; fileRef = B39705E088F29F844C149617 /* DueDateNotificationService.swift */; };
		C169507407838BDD4C665CF1 /* KeychainService.swift in Sources */ = {isa = PBXBuildFile; fileRef = EAFA7FEDB3F9559D6C71C2C4 /* KeychainService.swift */; };
		C1AE79D6748EFE551C7E8F1B /* TaskMenuApp.swift in Sources */ = {isa = PBXBuildFile; fileRef = 5AF69FFA11009E78484C090A /* TaskMenuApp.swift */; };
		C1D9C85DFAE57179E9A438A1 /* TaskRowView.swift in Sources */ = {isa = PBXBuildFile; fileRef = A8F4164166B2474EB88443EC /* TaskRowView.swift */; };
		C4D74AEE4D4E0555EA0336A2 /* GitHubUpdateChecker.swift in Sources */ = {isa = PBXBuildFile; fileRef = 3FC8DA7EF5FEF032B81469A3 /* GitHubUpdateChecker.swift */; };
		D321CE95DA3DC0D6090CD619 /* MockURLProtocol.swift in Sources */ = {isa = PBXBuildFile; fileRef = BB598B8D34C0A014D7826A63 /* MockURLProtocol.swift */; };
		D75722B06B77536D032C2FCD /* DueDateNotificationServiceTests.swift in Sources */ = {isa = PBXBuildFile; fileRef = 9FE4010667E3A28546894589 /* DueDateNotificationServiceTests.swift */; };
		DB500BD90BD49B8D4ECBDA15 /* TaskDetailView.swift in Sources */ = {isa = PBXBuildFile; fileRef = CED98B3B1A1223A88415EB92 /* TaskDetailView.swift */; };
		DE51E84794E46D07C1401DE6 /* TaskList.swift in Sources */ = {isa = PBXBuildFile; fileRef = 633899C51990EF71D24F5C89 /* TaskList.swift */; };
		DFD21FE92BBBBD402B0B05A1 /* AppStateBehaviorTests.swift in Sources */ = {isa = PBXBuildFile; fileRef = 1C0C7E5843F31C5163A17D3D /* AppStateBehaviorTests.swift */; };
		E53F1F56DBC73CF159E93516 /* SignInView.swift in Sources */ = {isa = PBXBuildFile; fileRef = 7270F80F12239828D873B133 /* SignInView.swift */; };
		E54169E513191306010635A7 /* AppIcon.svg in Resources */ = {isa = PBXBuildFile; fileRef = 8C8C52C19BDA6F8F2D3C638F /* AppIcon.svg */; };
		E7D0145136EE024CB87D7963 /* TaskListView.swift in Sources */ = {isa = PBXBuildFile; fileRef = 612D4C039654B488ADC17151 /* TaskListView.swift */; };
		E9F151927F17F397115553E7 /* MenuBarWindowGlassSupport.swift in Sources */ = {isa = PBXBuildFile; fileRef = 4041A68FD32907E3B89B8F8B /* MenuBarWindowGlassSupport.swift */; };
		F583510B7875405F768BADD3 /* TaskDetailViewTests.swift in Sources */ = {isa = PBXBuildFile; fileRef = 62C9B2D2EE1B7668B9245DBE /* TaskDetailViewTests.swift */; };
		FEBB3BC550B3CC63B620ED8F /* AppStateTests.swift in Sources */ = {isa = PBXBuildFile; fileRef = 8F3614C7335BB0200D28F074 /* AppStateTests.swift */; };
		FF5F630937F736E64BD3C1FD /* SettingsView.swift in Sources */ = {isa = PBXBuildFile; fileRef = 5D04BFBB6F10A824FCFD02C9 /* SettingsView.swift */; };
/* End PBXBuildFile section */

/* Begin PBXContainerItemProxy section */
		0CB22A41B832FE7621882395 /* PBXContainerItemProxy */ = {
			isa = PBXContainerItemProxy;
			containerPortal = E6415FE6D54A18079324D516 /* Project object */;
			proxyType = 1;
			remoteGlobalIDString = 54F3465CB5E85F801680719A;
			remoteInfo = TaskMenu;
		};
/* End PBXContainerItemProxy section */

/* Begin PBXFileReference section */
		058C00FB539FD9B1D05BCBFD /* KeychainServiceTests.swift */ = {isa = PBXFileReference; lastKnownFileType = sourcecode.swift; path = KeychainServiceTests.swift; sourceTree = "<group>"; };
		0BB887AE76D5ACD713E065CE /* TaskMenuTests.xctest */ = {isa = PBXFileReference; explicitFileType = wrapper.cfbundle; includeInIndex = 0; path = TaskMenuTests.xctest; sourceTree = BUILT_PRODUCTS_DIR; };
		0C7BCF6CD54266E26B32F6DD /* DateFormatting.swift */ = {isa = PBXFileReference; lastKnownFileType = sourcecode.swift; path = DateFormatting.swift; sourceTree = "<group>"; };
		12212B7B62ECCDD28979CA54 /* Constants.swift */ = {isa = PBXFileReference; lastKnownFileType = sourcecode.swift; path = Constants.swift; sourceTree = "<group>"; };
		1C007468F67DCAC110FDF650 /* GitHubUpdateCheckerTests.swift */ = {isa = PBXFileReference; lastKnownFileType = sourcecode.swift; path = GitHubUpdateCheckerTests.swift; sourceTree = "<group>"; };
		1C0C7E5843F31C5163A17D3D /* AppStateBehaviorTests.swift */ = {isa = PBXFileReference; lastKnownFileType = sourcecode.swift; path = AppStateBehaviorTests.swift; sourceTree = "<group>"; };
		1CD51E43AB6E5559C98303A3 /* TaskItem.swift */ = {isa = PBXFileReference; lastKnownFileType = sourcecode.swift; path = TaskItem.swift; sourceTree = "<group>"; };
		220E8145372B626FB6D267C7 /* MetricKitService.swift */ = {isa = PBXFileReference; lastKnownFileType = sourcecode.swift; path = MetricKitService.swift; sourceTree = "<group>"; };
		3FC8DA7EF5FEF032B81469A3 /* GitHubUpdateChecker.swift */ = {isa = PBXFileReference; lastKnownFileType = sourcecode.swift; path = GitHubUpdateChecker.swift; sourceTree = "<group>"; };
		4041A68FD32907E3B89B8F8B /* MenuBarWindowGlassSupport.swift */ = {isa = PBXFileReference; lastKnownFileType = sourcecode.swift; path = MenuBarWindowGlassSupport.swift; sourceTree = "<group>"; };
		42EAB07F42BE73AAED7BCC56 /* MenuBarPopover.swift */ = {isa = PBXFileReference; lastKnownFileType = sourcecode.swift; path = MenuBarPopover.swift; sourceTree = "<group>"; };
		4AC00155161191D4DBBDA015 /* SearchFilterTests.swift */ = {isa = PBXFileReference; lastKnownFileType = sourcecode.swift; path = SearchFilterTests.swift; sourceTree = "<group>"; };
		4DC959FBC4EF3DD0EF5D14D6 /* GoogleTasksAPI.swift */ = {isa = PBXFileReference; lastKnownFileType = sourcecode.swift; path = GoogleTasksAPI.swift; sourceTree = "<group>"; };
		4E2E315C1C8E04FD083F0AEA /* TaskMenu.app */ = {isa = PBXFileReference; explicitFileType = wrapper.application; includeInIndex = 0; path = TaskMenu.app; sourceTree = BUILT_PRODUCTS_DIR; };
		500B536CAEBC7F3B0AF40519 /* DateFormattingTests.swift */ = {isa = PBXFileReference; lastKnownFileType = sourcecode.swift; path = DateFormattingTests.swift; sourceTree = "<group>"; };
		5AF69FFA11009E78484C090A /* TaskMenuApp.swift */ = {isa = PBXFileReference; lastKnownFileType = sourcecode.swift; path = TaskMenuApp.swift; sourceTree = "<group>"; };
		5D04BFBB6F10A824FCFD02C9 /* SettingsView.swift */ = {isa = PBXFileReference; lastKnownFileType = sourcecode.swift; path = SettingsView.swift; sourceTree = "<group>"; };
		612D4C039654B488ADC17151 /* TaskListView.swift */ = {isa = PBXFileReference; lastKnownFileType = sourcecode.swift; path = TaskListView.swift; sourceTree = "<group>"; };
		62C9B2D2EE1B7668B9245DBE /* TaskDetailViewTests.swift */ = {isa = PBXFileReference; lastKnownFileType = sourcecode.swift; path = TaskDetailViewTests.swift; sourceTree = "<group>"; };
		633899C51990EF71D24F5C89 /* TaskList.swift */ = {isa = PBXFileReference; lastKnownFileType = sourcecode.swift; path = TaskList.swift; sourceTree = "<group>"; };
		63E868E0B0520F6ABD40D350 /* GoogleAuthService.swift */ = {isa = PBXFileReference; lastKnownFileType = sourcecode.swift; path = GoogleAuthService.swift; sourceTree = "<group>"; };
		68060F2FA94B23E37273F003 /* MenuBarWindowChromeTests.swift */ = {isa = PBXFileReference; lastKnownFileType = sourcecode.swift; path = MenuBarWindowChromeTests.swift; sourceTree = "<group>"; };
		68CD93FC69779BFB08340F08 /* TaskMenu.entitlements */ = {isa = PBXFileReference; lastKnownFileType = text.plist.entitlements; path = TaskMenu.entitlements; sourceTree = "<group>"; };
		6E4CD6808B2587AD2F8F9563 /* TaskItemModelTests.swift */ = {isa = PBXFileReference; lastKnownFileType = sourcecode.swift; path = TaskItemModelTests.swift; sourceTree = "<group>"; };
		7270F80F12239828D873B133 /* SignInView.swift */ = {isa = PBXFileReference; lastKnownFileType = sourcecode.swift; path = SignInView.swift; sourceTree = "<group>"; };
		77DBAAB7CC102C6006686981 /* MetricKitPayloadStoreTests.swift */ = {isa = PBXFileReference; lastKnownFileType = sourcecode.swift; path = MetricKitPayloadStoreTests.swift; sourceTree = "<group>"; };
		8C8C52C19BDA6F8F2D3C638F /* AppIcon.svg */ = {isa = PBXFileReference; path = AppIcon.svg; sourceTree = "<group>"; };
		8F3614C7335BB0200D28F074 /* AppStateTests.swift */ = {isa = PBXFileReference; lastKnownFileType = sourcecode.swift; path = AppStateTests.swift; sourceTree = "<group>"; };
		8FE1F31A1E2F87FD9042F1B4 /* GoogleTasksAPIBehaviorTests.swift */ = {isa = PBXFileReference; lastKnownFileType = sourcecode.swift; path = GoogleTasksAPIBehaviorTests.swift; sourceTree = "<group>"; };
		9C0DB3189CC6045A5C0A230F /* TaskMenuAppTests.swift */ = {isa = PBXFileReference; lastKnownFileType = sourcecode.swift; path = TaskMenuAppTests.swift; sourceTree = "<group>"; };
		9FE4010667E3A28546894589 /* DueDateNotificationServiceTests.swift */ = {isa = PBXFileReference; lastKnownFileType = sourcecode.swift; path = DueDateNotificationServiceTests.swift; sourceTree = "<group>"; };
		A2191A69341B04C760925B55 /* TaskListViewTests.swift */ = {isa = PBXFileReference; lastKnownFileType = sourcecode.swift; path = TaskListViewTests.swift; sourceTree = "<group>"; };
		A8F4164166B2474EB88443EC /* TaskRowView.swift */ = {isa = PBXFileReference; lastKnownFileType = sourcecode.swift; path = TaskRowView.swift; sourceTree = "<group>"; };
		ADED99C71B9C470D7D37974C /* TestDueDateNotificationService.swift */ = {isa = PBXFileReference; lastKnownFileType = sourcecode.swift; path = TestDueDateNotificationService.swift; sourceTree = "<group>"; };
		B01BFC3843C941C89C85576B /* QuickAddView.swift */ = {isa = PBXFileReference; lastKnownFileType = sourcecode.swift; path = QuickAddView.swift; sourceTree = "<group>"; };
		B39705E088F29F844C149617 /* DueDateNotificationService.swift */ = {isa = PBXFileReference; lastKnownFileType = sourcecode.swift; path = DueDateNotificationService.swift; sourceTree = "<group>"; };
		BB4F099FA85A0476A96ED002 /* StatusBarController.swift */ = {isa = PBXFileReference; lastKnownFileType = sourcecode.swift; path = StatusBarController.swift; sourceTree = "<group>"; };
		BB598B8D34C0A014D7826A63 /* MockURLProtocol.swift */ = {isa = PBXFileReference; lastKnownFileType = sourcecode.swift; path = MockURLProtocol.swift; sourceTree = "<group>"; };
		BD583A508C749EAC05142C88 /* Config.xcconfig */ = {isa = PBXFileReference; lastKnownFileType = text.xcconfig; path = Config.xcconfig; sourceTree = "<group>"; };
		BFE9F6BF8DFE197A82CE6A11 /* InMemoryKeychainService.swift */ = {isa = PBXFileReference; lastKnownFileType = sourcecode.swift; path = InMemoryKeychainService.swift; sourceTree = "<group>"; };
		C3377E75BA19027E464EAEB8 /* Assets.xcassets */ = {isa = PBXFileReference; lastKnownFileType = folder.assetcatalog; path = Assets.xcassets; sourceTree = "<group>"; };
		C351DB97FAAF55B3B516EAD9 /* TasksAPIProtocol.swift */ = {isa = PBXFileReference; lastKnownFileType = sourcecode.swift; path = TasksAPIProtocol.swift; sourceTree = "<group>"; };
		C5360741190B5DF2436BE448 /* GoogleAuthServiceTests.swift */ = {isa = PBXFileReference; lastKnownFileType = sourcecode.swift; path = GoogleAuthServiceTests.swift; sourceTree = "<group>"; };
		C79B44669D075555352A0BB4 /* GoogleTasksAPITests.swift */ = {isa = PBXFileReference; lastKnownFileType = sourcecode.swift; path = GoogleTasksAPITests.swift; sourceTree = "<group>"; };
		CED98B3B1A1223A88415EB92 /* TaskDetailView.swift */ = {isa = PBXFileReference; lastKnownFileType = sourcecode.swift; path = TaskDetailView.swift; sourceTree = "<group>"; };
		D7A7998A82BE9D4729E85B13 /* ListPickerView.swift */ = {isa = PBXFileReference; lastKnownFileType = sourcecode.swift; path = ListPickerView.swift; sourceTree = "<group>"; };
		D898FA58565B1CBB9ED2695E /* MenuBarIcon.svg */ = {isa = PBXFileReference; path = MenuBarIcon.svg; sourceTree = "<group>"; };
		D9592A4B7C25B7B328D1CAE3 /* Info.plist */ = {isa = PBXFileReference; lastKnownFileType = text.plist; path = Info.plist; sourceTree = "<group>"; };
		EAFA7FEDB3F9559D6C71C2C4 /* KeychainService.swift */ = {isa = PBXFileReference; lastKnownFileType = sourcecode.swift; path = KeychainService.swift; sourceTree = "<group>"; };
		F4BD10764723731B64E9E183 /* AppState.swift */ = {isa = PBXFileReference; lastKnownFileType = sourcecode.swift; path = AppState.swift; sourceTree = "<group>"; };
/* End PBXFileReference section */

/* Begin PBXGroup section */
		141A484087CC4923B5F2371C /* Resources */ = {
			isa = PBXGroup;
			children = (
				8C8C52C19BDA6F8F2D3C638F /* AppIcon.svg */,
				C3377E75BA19027E464EAEB8 /* Assets.xcassets */,
				D9592A4B7C25B7B328D1CAE3 /* Info.plist */,
				D898FA58565B1CBB9ED2695E /* MenuBarIcon.svg */,
				68CD93FC69779BFB08340F08 /* TaskMenu.entitlements */,
			);
			path = Resources;
			sourceTree = "<group>";
		};
		1E011DB940E268BD3223C95C /* Products */ = {
			isa = PBXGroup;
			children = (
				4E2E315C1C8E04FD083F0AEA /* TaskMenu.app */,
				0BB887AE76D5ACD713E065CE /* TaskMenuTests.xctest */,
			);
			name = Products;
			sourceTree = "<group>";
		};
		2A93E24654445FC8029C75F7 /* Services */ = {
			isa = PBXGroup;
			children = (
				B39705E088F29F844C149617 /* DueDateNotificationService.swift */,
				3FC8DA7EF5FEF032B81469A3 /* GitHubUpdateChecker.swift */,
				63E868E0B0520F6ABD40D350 /* GoogleAuthService.swift */,
				4DC959FBC4EF3DD0EF5D14D6 /* GoogleTasksAPI.swift */,
				EAFA7FEDB3F9559D6C71C2C4 /* KeychainService.swift */,
				220E8145372B626FB6D267C7 /* MetricKitService.swift */,
				C351DB97FAAF55B3B516EAD9 /* TasksAPIProtocol.swift */,
			);
			path = Services;
			sourceTree = "<group>";
		};
		7CA4A7AB59308D29BDE9DFD5 /* Models */ = {
			isa = PBXGroup;
			children = (
				F4BD10764723731B64E9E183 /* AppState.swift */,
				1CD51E43AB6E5559C98303A3 /* TaskItem.swift */,
				633899C51990EF71D24F5C89 /* TaskList.swift */,
			);
			path = Models;
			sourceTree = "<group>";
		};
		A34BA795C75683448AFABACA /* TaskMenu */ = {
			isa = PBXGroup;
			children = (
				BB4F099FA85A0476A96ED002 /* StatusBarController.swift */,
				5AF69FFA11009E78484C090A /* TaskMenuApp.swift */,
				7CA4A7AB59308D29BDE9DFD5 /* Models */,
				141A484087CC4923B5F2371C /* Resources */,
				2A93E24654445FC8029C75F7 /* Services */,
				B4C856BF7116CA682A7B7851 /* Utilities */,
				A8BA91B3D84B2B2CA95FA78A /* Views */,
			);
			path = TaskMenu;
			sourceTree = "<group>";
		};
		A8BA91B3D84B2B2CA95FA78A /* Views */ = {
			isa = PBXGroup;
			children = (
				D7A7998A82BE9D4729E85B13 /* ListPickerView.swift */,
				42EAB07F42BE73AAED7BCC56 /* MenuBarPopover.swift */,
				4041A68FD32907E3B89B8F8B /* MenuBarWindowGlassSupport.swift */,
				B01BFC3843C941C89C85576B /* QuickAddView.swift */,
				5D04BFBB6F10A824FCFD02C9 /* SettingsView.swift */,
				7270F80F12239828D873B133 /* SignInView.swift */,
				CED98B3B1A1223A88415EB92 /* TaskDetailView.swift */,
				612D4C039654B488ADC17151 /* TaskListView.swift */,
				A8F4164166B2474EB88443EC /* TaskRowView.swift */,
			);
			path = Views;
			sourceTree = "<group>";
		};
		B4C856BF7116CA682A7B7851 /* Utilities */ = {
			isa = PBXGroup;
			children = (
				12212B7B62ECCDD28979CA54 /* Constants.swift */,
				0C7BCF6CD54266E26B32F6DD /* DateFormatting.swift */,
			);
			path = Utilities;
			sourceTree = "<group>";
		};
		BA2107144D01BC8296415B0D /* GTasksMenu */ = {
			isa = PBXGroup;
			children = (
				BD583A508C749EAC05142C88 /* Config.xcconfig */,
			);
			name = GTasksMenu;
			path = .;
			sourceTree = "<group>";
		};
		C53DB1319E1111ADB350C841 /* TaskMenuTests */ = {
			isa = PBXGroup;
			children = (
				1C0C7E5843F31C5163A17D3D /* AppStateBehaviorTests.swift */,
				8F3614C7335BB0200D28F074 /* AppStateTests.swift */,
				500B536CAEBC7F3B0AF40519 /* DateFormattingTests.swift */,
				9FE4010667E3A28546894589 /* DueDateNotificationServiceTests.swift */,
				1C007468F67DCAC110FDF650 /* GitHubUpdateCheckerTests.swift */,
				C5360741190B5DF2436BE448 /* GoogleAuthServiceTests.swift */,
				8FE1F31A1E2F87FD9042F1B4 /* GoogleTasksAPIBehaviorTests.swift */,
				C79B44669D075555352A0BB4 /* GoogleTasksAPITests.swift */,
				BFE9F6BF8DFE197A82CE6A11 /* InMemoryKeychainService.swift */,
				058C00FB539FD9B1D05BCBFD /* KeychainServiceTests.swift */,
				68060F2FA94B23E37273F003 /* MenuBarWindowChromeTests.swift */,
				77DBAAB7CC102C6006686981 /* MetricKitPayloadStoreTests.swift */,
				BB598B8D34C0A014D7826A63 /* MockURLProtocol.swift */,
				4AC00155161191D4DBBDA015 /* SearchFilterTests.swift */,
				62C9B2D2EE1B7668B9245DBE /* TaskDetailViewTests.swift */,
				6E4CD6808B2587AD2F8F9563 /* TaskItemModelTests.swift */,
				A2191A69341B04C760925B55 /* TaskListViewTests.swift */,
				9C0DB3189CC6045A5C0A230F /* TaskMenuAppTests.swift */,
				ADED99C71B9C470D7D37974C /* TestDueDateNotificationService.swift */,
			);
			path = TaskMenuTests;
			sourceTree = "<group>";
		};
		E7776CF5C61A2557700CB1FE = {
			isa = PBXGroup;
			children = (
				BA2107144D01BC8296415B0D /* GTasksMenu */,
				A34BA795C75683448AFABACA /* TaskMenu */,
				C53DB1319E1111ADB350C841 /* TaskMenuTests */,
				1E011DB940E268BD3223C95C /* Products */,
			);
			sourceTree = "<group>";
		};
/* End PBXGroup section */

/* Begin PBXNativeTarget section */
		2499498786EF41DCFC6BE7F6 /* TaskMenuTests */ = {
			isa = PBXNativeTarget;
			buildConfigurationList = DA95C43B1B879EFC814203DA /* Build configuration list for PBXNativeTarget "TaskMenuTests" */;
			buildPhases = (
				0E000D89C8DF6F2F2C9982E8 /* Sources */,
			);
			buildRules = (
			);
			dependencies = (
				7321060953CCEC6842E18163 /* PBXTargetDependency */,
			);
			name = TaskMenuTests;
			packageProductDependencies = (
			);
			productName = TaskMenuTests;
			productReference = 0BB887AE76D5ACD713E065CE /* TaskMenuTests.xctest */;
			productType = "com.apple.product-type.bundle.unit-test";
		};
		54F3465CB5E85F801680719A /* TaskMenu */ = {
			isa = PBXNativeTarget;
			buildConfigurationList = 4765FE37AB364B926A398AE6 /* Build configuration list for PBXNativeTarget "TaskMenu" */;
			buildPhases = (
				050305DC79D0D96BCB364B3C /* Sources */,
				F64C026980643FD3BEFBC8CF /* Resources */,
			);
			buildRules = (
			);
			dependencies = (
			);
			name = TaskMenu;
			packageProductDependencies = (
			);
			productName = TaskMenu;
			productReference = 4E2E315C1C8E04FD083F0AEA /* TaskMenu.app */;
			productType = "com.apple.product-type.application";
		};
/* End PBXNativeTarget section */

/* Begin PBXProject section */
		E6415FE6D54A18079324D516 /* Project object */ = {
			isa = PBXProject;
			attributes = {
				BuildIndependentTargetsInParallel = YES;
				LastUpgradeCheck = 2640;
				TargetAttributes = {
					54F3465CB5E85F801680719A = {
						ProvisioningStyle = Automatic;
					};
				};
			};
			buildConfigurationList = 0E2A7987D24F541D4861D04A /* Build configuration list for PBXProject "TaskMenu" */;
			developmentRegion = en;
			hasScannedForEncodings = 0;
			knownRegions = (
				Base,
				en,
			);
			mainGroup = E7776CF5C61A2557700CB1FE;
			minimizedProjectReferenceProxies = 1;
			preferredProjectObjectVersion = 77;
			productRefGroup = 1E011DB940E268BD3223C95C /* Products */;
			projectDirPath = "";
			projectRoot = "";
			targets = (
				54F3465CB5E85F801680719A /* TaskMenu */,
				2499498786EF41DCFC6BE7F6 /* TaskMenuTests */,
			);
		};
/* End PBXProject section */

/* Begin PBXResourcesBuildPhase section */
		F64C026980643FD3BEFBC8CF /* Resources */ = {
			isa = PBXResourcesBuildPhase;
			buildActionMask = 2147483647;
			files = (
				E54169E513191306010635A7 /* AppIcon.svg in Resources */,
				78E76881CED717FBB2187185 /* Assets.xcassets in Resources */,
				16F0CFB570B7684CE136B82E /* MenuBarIcon.svg in Resources */,
			);
			runOnlyForDeploymentPostprocessing = 0;
		};
/* End PBXResourcesBuildPhase section */

/* Begin PBXSourcesBuildPhase section */
		050305DC79D0D96BCB364B3C /* Sources */ = {
			isa = PBXSourcesBuildPhase;
			buildActionMask = 2147483647;
			files = (
				423DB4F7DE968CBD6A6E805D /* AppState.swift in Sources */,
				9ADC495EEB87994A08F73AB8 /* Constants.swift in Sources */,
				4C4A40DBCD2948E2FC0F1F3A /* DateFormatting.swift in Sources */,
				B8593A4B6220752FE803BAF3 /* DueDateNotificationService.swift in Sources */,
				C4D74AEE4D4E0555EA0336A2 /* GitHubUpdateChecker.swift in Sources */,
				0A9AE96BCBF5513327268CAD /* GoogleAuthService.swift in Sources */,
				76E308FD16F5E910DE7D81E6 /* GoogleTasksAPI.swift in Sources */,
				C169507407838BDD4C665CF1 /* KeychainService.swift in Sources */,
				9BE1233CADF8C3BFFC734F1D /* ListPickerView.swift in Sources */,
				5D77ED33F50BA2FB8E0F4B8F /* MenuBarPopover.swift in Sources */,
				E9F151927F17F397115553E7 /* MenuBarWindowGlassSupport.swift in Sources */,
				021D8C6BC3C40E2DA406BE50 /* MetricKitService.swift in Sources */,
				48943AA6EDE34BA7B373106E /* QuickAddView.swift in Sources */,
				FF5F630937F736E64BD3C1FD /* SettingsView.swift in Sources */,
				E53F1F56DBC73CF159E93516 /* SignInView.swift in Sources */,
				769F9F3B097D5D7C678CEE7F /* StatusBarController.swift in Sources */,
				DB500BD90BD49B8D4ECBDA15 /* TaskDetailView.swift in Sources */,
				7A424E7FDBAFD974B955448D /* TaskItem.swift in Sources */,
				DE51E84794E46D07C1401DE6 /* TaskList.swift in Sources */,
				E7D0145136EE024CB87D7963 /* TaskListView.swift in Sources */,
				C1AE79D6748EFE551C7E8F1B /* TaskMenuApp.swift in Sources */,
				C1D9C85DFAE57179E9A438A1 /* TaskRowView.swift in Sources */,
				939FC3A4B4EB2424F77B577C /* TasksAPIProtocol.swift in Sources */,
			);
			runOnlyForDeploymentPostprocessing = 0;
		};
		0E000D89C8DF6F2F2C9982E8 /* Sources */ = {
			isa = PBXSourcesBuildPhase;
			buildActionMask = 2147483647;
			files = (
				DFD21FE92BBBBD402B0B05A1 /* AppStateBehaviorTests.swift in Sources */,
				FEBB3BC550B3CC63B620ED8F /* AppStateTests.swift in Sources */,
				11E28771324DA02B74C9983F /* DateFormattingTests.swift in Sources */,
				D75722B06B77536D032C2FCD /* DueDateNotificationServiceTests.swift in Sources */,
				B4227F8E90C484F324C235C1 /* GitHubUpdateCheckerTests.swift in Sources */,
				986954B711E286DA6CDC3353 /* GoogleAuthServiceTests.swift in Sources */,
				068F90845303418F7954D22E /* GoogleTasksAPIBehaviorTests.swift in Sources */,
				69765D5311C642C2DFADB0A0 /* GoogleTasksAPITests.swift in Sources */,
				B0420689B1657699950213A7 /* InMemoryKeychainService.swift in Sources */,
				3059000A80728B12B6989398 /* KeychainServiceTests.swift in Sources */,
				A4BCA782CFF3DA69020CF385 /* MenuBarWindowChromeTests.swift in Sources */,
				27A7DDF8EE882EE13FB18EF6 /* MetricKitPayloadStoreTests.swift in Sources */,
				D321CE95DA3DC0D6090CD619 /* MockURLProtocol.swift in Sources */,
				8F3D1A4FC0600A0D85BA22E8 /* SearchFilterTests.swift in Sources */,
				F583510B7875405F768BADD3 /* TaskDetailViewTests.swift in Sources */,
				0FD718B29CF8183561A6F550 /* TaskItemModelTests.swift in Sources */,
				B1E9E90C4184BDD3DED97A2B /* TaskListViewTests.swift in Sources */,
				44D8CA5D6D124CF97A57EF1D /* TaskMenuAppTests.swift in Sources */,
				44A6F4A2E806FF1D44F0E19B /* TestDueDateNotificationService.swift in Sources */,
			);
			runOnlyForDeploymentPostprocessing = 0;
		};
/* End PBXSourcesBuildPhase section */

/* Begin PBXTargetDependency section */
		7321060953CCEC6842E18163 /* PBXTargetDependency */ = {
			isa = PBXTargetDependency;
			target = 54F3465CB5E85F801680719A /* TaskMenu */;
			targetProxy = 0CB22A41B832FE7621882395 /* PBXContainerItemProxy */;
		};
/* End PBXTargetDependency section */

/* Begin XCBuildConfiguration section */
		1A680E4096FD1C5A49BDDB32 /* Release */ = {
			isa = XCBuildConfiguration;
			buildSettings = {
				ASSETCATALOG_COMPILER_APPICON_NAME = AppIcon;
				CODE_SIGN_ENTITLEMENTS = TaskMenu/Resources/TaskMenu.entitlements;
				CODE_SIGN_STYLE = Automatic;
				COMBINE_HIDPI_IMAGES = YES;
				ENABLE_APP_SANDBOX = YES;
				ENABLE_HARDENED_RUNTIME = YES;
				INFOPLIST_FILE = TaskMenu/Resources/Info.plist;
				LD_RUNPATH_SEARCH_PATHS = (
					"$(inherited)",
					"@executable_path/../Frameworks",
				);
				PRODUCT_BUNDLE_IDENTIFIER = dev.crazytan.TaskMenu;
				PRODUCT_NAME = TaskMenu;
				PROVISIONING_PROFILE_SPECIFIER = "";
				SDKROOT = macosx;
			};
			name = Release;
		};
		6EF47391B5EF770AC931DC3F /* Debug */ = {
			isa = XCBuildConfiguration;
			baseConfigurationReference = BD583A508C749EAC05142C88 /* Config.xcconfig */;
			buildSettings = {
				ALWAYS_SEARCH_USER_PATHS = NO;
				CLANG_ANALYZER_NONNULL = YES;
				CLANG_ANALYZER_NUMBER_OBJECT_CONVERSION = YES_AGGRESSIVE;
				CLANG_CXX_LANGUAGE_STANDARD = "gnu++14";
				CLANG_CXX_LIBRARY = "libc++";
				CLANG_ENABLE_MODULES = YES;
				CLANG_ENABLE_OBJC_ARC = YES;
				CLANG_ENABLE_OBJC_WEAK = YES;
				CLANG_WARN_BLOCK_CAPTURE_AUTORELEASING = YES;
				CLANG_WARN_BOOL_CONVERSION = YES;
				CLANG_WARN_COMMA = YES;
				CLANG_WARN_CONSTANT_CONVERSION = YES;
				CLANG_WARN_DEPRECATED_OBJC_IMPLEMENTATIONS = YES;
				CLANG_WARN_DIRECT_OBJC_ISA_USAGE = YES_ERROR;
				CLANG_WARN_DOCUMENTATION_COMMENTS = YES;
				CLANG_WARN_EMPTY_BODY = YES;
				CLANG_WARN_ENUM_CONVERSION = YES;
				CLANG_WARN_INFINITE_RECURSION = YES;
				CLANG_WARN_INT_CONVERSION = YES;
				CLANG_WARN_NON_LITERAL_NULL_CONVERSION = YES;
				CLANG_WARN_OBJC_IMPLICIT_RETAIN_SELF = YES;
				CLANG_WARN_OBJC_LITERAL_CONVERSION = YES;
				CLANG_WARN_OBJC_ROOT_CLASS = YES_ERROR;
				CLANG_WARN_QUOTED_INCLUDE_IN_FRAMEWORK_HEADER = YES;
				CLANG_WARN_RANGE_LOOP_ANALYSIS = YES;
				CLANG_WARN_STRICT_PROTOTYPES = YES;
				CLANG_WARN_SUSPICIOUS_MOVE = YES;
				CLANG_WARN_UNGUARDED_AVAILABILITY = YES_AGGRESSIVE;
				CLANG_WARN_UNREACHABLE_CODE = YES;
				CLANG_WARN__DUPLICATE_METHOD_MATCH = YES;
				COPY_PHASE_STRIP = NO;
				CURRENT_PROJECT_VERSION = 1;
				DEAD_CODE_STRIPPING = YES;
				DEBUG_INFORMATION_FORMAT = dwarf;
				ENABLE_STRICT_OBJC_MSGSEND = YES;
				ENABLE_TESTABILITY = YES;
				ENABLE_USER_SCRIPT_SANDBOXING = YES;
				GCC_C_LANGUAGE_STANDARD = gnu11;
				GCC_DYNAMIC_NO_PIC = NO;
				GCC_NO_COMMON_BLOCKS = YES;
				GCC_OPTIMIZATION_LEVEL = 0;
				GCC_PREPROCESSOR_DEFINITIONS = (
					"$(inherited)",
					"DEBUG=1",
				);
				GCC_TREAT_WARNINGS_AS_ERRORS = YES;
				GCC_WARN_64_TO_32_BIT_CONVERSION = YES;
				GCC_WARN_ABOUT_RETURN_TYPE = YES_ERROR;
				GCC_WARN_UNDECLARED_SELECTOR = YES;
				GCC_WARN_UNINITIALIZED_AUTOS = YES_AGGRESSIVE;
				GCC_WARN_UNUSED_FUNCTION = YES;
				GCC_WARN_UNUSED_VARIABLE = YES;
				MACOSX_DEPLOYMENT_TARGET = 14.4;
				MARKETING_VERSION = 1.2.0;
				MTL_ENABLE_DEBUG_INFO = INCLUDE_SOURCE;
				MTL_FAST_MATH = YES;
				ONLY_ACTIVE_ARCH = YES;
				PRODUCT_NAME = "$(TARGET_NAME)";
				SDKROOT = macosx;
				SWIFT_ACTIVE_COMPILATION_CONDITIONS = DEBUG;
				SWIFT_OPTIMIZATION_LEVEL = "-Onone";
				SWIFT_STRICT_CONCURRENCY = complete;
				SWIFT_TREAT_WARNINGS_AS_ERRORS = YES;
				SWIFT_VERSION = 6.0;
			};
			name = Debug;
		};
		902727F5E54A840CBF33E540 /* Release */ = {
			isa = XCBuildConfiguration;
			buildSettings = {
				BUNDLE_LOADER = "$(TEST_HOST)";
				COMBINE_HIDPI_IMAGES = YES;
				GENERATE_INFOPLIST_FILE = YES;
				LD_RUNPATH_SEARCH_PATHS = (
					"$(inherited)",
					"@executable_path/../Frameworks",
					"@loader_path/../Frameworks",
				);
				PRODUCT_BUNDLE_IDENTIFIER = dev.crazytan.TaskMenuTests;
				SDKROOT = macosx;
				TEST_HOST = "$(BUILT_PRODUCTS_DIR)/TaskMenu.app/Contents/MacOS/TaskMenu";
			};
			name = Release;
		};
		A734F39AA9B691088E02AEFF /* Release */ = {
			isa = XCBuildConfiguration;
			baseConfigurationReference = BD583A508C749EAC05142C88 /* Config.xcconfig */;
			buildSettings = {
				ALWAYS_SEARCH_USER_PATHS = NO;
				CLANG_ANALYZER_NONNULL = YES;
				CLANG_ANALYZER_NUMBER_OBJECT_CONVERSION = YES_AGGRESSIVE;
				CLANG_CXX_LANGUAGE_STANDARD = "gnu++14";
				CLANG_CXX_LIBRARY = "libc++";
				CLANG_ENABLE_MODULES = YES;
				CLANG_ENABLE_OBJC_ARC = YES;
				CLANG_ENABLE_OBJC_WEAK = YES;
				CLANG_WARN_BLOCK_CAPTURE_AUTORELEASING = YES;
				CLANG_WARN_BOOL_CONVERSION = YES;
				CLANG_WARN_COMMA = YES;
				CLANG_WARN_CONSTANT_CONVERSION = YES;
				CLANG_WARN_DEPRECATED_OBJC_IMPLEMENTATIONS = YES;
				CLANG_WARN_DIRECT_OBJC_ISA_USAGE = YES_ERROR;
				CLANG_WARN_DOCUMENTATION_COMMENTS = YES;
				CLANG_WARN_EMPTY_BODY = YES;
				CLANG_WARN_ENUM_CONVERSION = YES;
				CLANG_WARN_INFINITE_RECURSION = YES;
				CLANG_WARN_INT_CONVERSION = YES;
				CLANG_WARN_NON_LITERAL_NULL_CONVERSION = YES;
				CLANG_WARN_OBJC_IMPLICIT_RETAIN_SELF = YES;
				CLANG_WARN_OBJC_LITERAL_CONVERSION = YES;
				CLANG_WARN_OBJC_ROOT_CLASS = YES_ERROR;
				CLANG_WARN_QUOTED_INCLUDE_IN_FRAMEWORK_HEADER = YES;
				CLANG_WARN_RANGE_LOOP_ANALYSIS = YES;
				CLANG_WARN_STRICT_PROTOTYPES = YES;
				CLANG_WARN_SUSPICIOUS_MOVE = YES;
				CLANG_WARN_UNGUARDED_AVAILABILITY = YES_AGGRESSIVE;
				CLANG_WARN_UNREACHABLE_CODE = YES;
				CLANG_WARN__DUPLICATE_METHOD_MATCH = YES;
				COPY_PHASE_STRIP = NO;
				CURRENT_PROJECT_VERSION = 1;
				DEAD_CODE_STRIPPING = YES;
				DEBUG_INFORMATION_FORMAT = "dwarf-with-dsym";
				ENABLE_NS_ASSERTIONS = NO;
				ENABLE_STRICT_OBJC_MSGSEND = YES;
				ENABLE_USER_SCRIPT_SANDBOXING = YES;
				GCC_C_LANGUAGE_STANDARD = gnu11;
				GCC_NO_COMMON_BLOCKS = YES;
				GCC_TREAT_WARNINGS_AS_ERRORS = YES;
				GCC_WARN_64_TO_32_BIT_CONVERSION = YES;
				GCC_WARN_ABOUT_RETURN_TYPE = YES_ERROR;
				GCC_WARN_UNDECLARED_SELECTOR = YES;
				GCC_WARN_UNINITIALIZED_AUTOS = YES_AGGRESSIVE;
				GCC_WARN_UNUSED_FUNCTION = YES;
				GCC_WARN_UNUSED_VARIABLE = YES;
				MACOSX_DEPLOYMENT_TARGET = 14.4;
				MARKETING_VERSION = 1.2.0;
				MTL_ENABLE_DEBUG_INFO = NO;
				MTL_FAST_MATH = YES;
				PRODUCT_NAME = "$(TARGET_NAME)";
				SDKROOT = macosx;
				SWIFT_COMPILATION_MODE = wholemodule;
				SWIFT_OPTIMIZATION_LEVEL = "-Osize";
				SWIFT_STRICT_CONCURRENCY = complete;
				SWIFT_TREAT_WARNINGS_AS_ERRORS = YES;
				SWIFT_VERSION = 6.0;
			};
			name = Release;
		};
		BF67089ADD023E75C9E7E517 /* Debug */ = {
			isa = XCBuildConfiguration;
			buildSettings = {
				ASSETCATALOG_COMPILER_APPICON_NAME = AppIcon;
				CODE_SIGN_ENTITLEMENTS = TaskMenu/Resources/TaskMenu.entitlements;
				CODE_SIGN_STYLE = Automatic;
				COMBINE_HIDPI_IMAGES = YES;
				ENABLE_APP_SANDBOX = YES;
				ENABLE_HARDENED_RUNTIME = YES;
				INFOPLIST_FILE = TaskMenu/Resources/Info.plist;
				LD_RUNPATH_SEARCH_PATHS = (
					"$(inherited)",
					"@executable_path/../Frameworks",
				);
				PRODUCT_BUNDLE_IDENTIFIER = dev.crazytan.TaskMenu;
				PRODUCT_NAME = TaskMenu;
				PROVISIONING_PROFILE_SPECIFIER = "";
				SDKROOT = macosx;
			};
			name = Debug;
		};
		F9165848D8C050D3D2387877 /* Debug */ = {
			isa = XCBuildConfiguration;
			buildSettings = {
				BUNDLE_LOADER = "$(TEST_HOST)";
				COMBINE_HIDPI_IMAGES = YES;
				GENERATE_INFOPLIST_FILE = YES;
				LD_RUNPATH_SEARCH_PATHS = (
					"$(inherited)",
					"@executable_path/../Frameworks",
					"@loader_path/../Frameworks",
				);
				PRODUCT_BUNDLE_IDENTIFIER = dev.crazytan.TaskMenuTests;
				SDKROOT = macosx;
				TEST_HOST = "$(BUILT_PRODUCTS_DIR)/TaskMenu.app/Contents/MacOS/TaskMenu";
			};
			name = Debug;
		};
/* End XCBuildConfiguration section */

/* Begin XCConfigurationList section */
		0E2A7987D24F541D4861D04A /* Build configuration list for PBXProject "TaskMenu" */ = {
			isa = XCConfigurationList;
			buildConfigurations = (
				6EF47391B5EF770AC931DC3F /* Debug */,
				A734F39AA9B691088E02AEFF /* Release */,
			);
			defaultConfigurationIsVisible = 0;
			defaultConfigurationName = Debug;
		};
		4765FE37AB364B926A398AE6 /* Build configuration list for PBXNativeTarget "TaskMenu" */ = {
			isa = XCConfigurationList;
			buildConfigurations = (
				BF67089ADD023E75C9E7E517 /* Debug */,
				1A680E4096FD1C5A49BDDB32 /* Release */,
			);
			defaultConfigurationIsVisible = 0;
			defaultConfigurationName = Debug;
		};
		DA95C43B1B879EFC814203DA /* Build configuration list for PBXNativeTarget "TaskMenuTests" */ = {
			isa = XCConfigurationList;
			buildConfigurations = (
				F9165848D8C050D3D2387877 /* Debug */,
				902727F5E54A840CBF33E540 /* Release */,
			);
			defaultConfigurationIsVisible = 0;
			defaultConfigurationName = Debug;
		};
/* End XCConfigurationList section */
	};
	rootObject = E6415FE6D54A18079324D516 /* Project object */;
}
